hash: 514d3cc0fefb1a2048b9121cd5126cb18307eac8c65b2c1b5c304bfc040eb830
updated: 2017-06-06T22:13:09.382589674+08:00
imports:
- name: github.com/drkaka/ulid
  version: a4078d88d430f7f5c443e60820664d0eef7a1cc8
- name: go.uber.org/atomic
  version: 4e336646b2ef9fc6e47be8e21594178f98e5ebcf
- name: go.uber.org/zap
  version: fab453050a7a08c35f31fc5fff6f2dbd962285ab
  subpackages:
  - buffer
  - internal/bufferpool
  - internal/color
  - internal/exit
  - internal/multierror
  - zapcore
testImports:
- name: github.com/mattn/goveralls
  version: 9d621f6940639bf287ecbb6f585a2c26eeba3bbe
- name: github.com/pborman/uuid
  version: 1b00554d822231195d1babd97ff4a781231955c9
- name: golang.org/x/tools
  version: d83db204cec938a53072124e16d79022316b3dc5
  subpackages:
  - cover
